
Microsoft Visual Studio Solution File, Format Version 12.00
# Visual Studio Version 17
VisualStudioVersion = 17.8.34330.188
MinimumVisualStudioVersion = 10.0.40219.1
Project("{9A19103F-16F7-4668-BE54-9A1E7A4F7556}") = "ZooAnimalManagement.API", "ZooAnimalManagement.API.csproj", "{45C4DEFB-DD6F-4A6A-8425-DBCF01944B98}"
EndProject
Project("{FAE04EC0-301F-11D3-BF4B-00C04F79EFBC}") = "ZooAnimalManagement.API.Tests", "ZooAnimalManagement.API.Tests\ZooAnimalManagement.API.Tests.csproj", "{820A0166-9A32-494A-8894-6B9F3587CB93}"
EndProject
Global
	GlobalSection(SolutionConfigurationPlatforms) = preSolution
		Debug|Any CPU = Debug|Any CPU
		Release|Any CPU = Release|Any CPU
	EndGlobalSection
	GlobalSection(ProjectConfigurationPlatforms) = postSolution
		{45C4DEFB-DD6F-4A6A-8425-DBCF01944B98}.Debug|Any CPU.ActiveCfg = Debug|Any CPU
		{45C4DEFB-DD6F-4A6A-8425-DBCF01944B98}.Debug|Any CPU.Build.0 = Debug|Any CPU
		{45C4DEFB-DD6F-4A6A-8425-DBCF01944B98}.Release|Any CPU.ActiveCfg = Release|Any CPU
		{45C4DEFB-DD6F-4A6A-8425-DBCF01944B98}.Release|Any CPU.Build.0 = Release|Any CPU
		{820A0166-9A32-494A-8894-6B9F3587CB93}.Debug|Any CPU.ActiveCfg = Debug|Any CPU
		{820A0166-9A32-494A-8894-6B9F3587CB93}.Debug|Any CPU.Build.0 = Debug|Any CPU
		{820A0166-9A32-494A-8894-6B9F3587CB93}.Release|Any CPU.ActiveCfg = Release|Any CPU
		{820A0166-9A32-494A-8894-6B9F3587CB93}.Release|Any CPU.Build.0 = Release|Any CPU
	EndGlobalSection
	GlobalSection(SolutionProperties) = preSolution
		HideSolutionNode = FALSE
	EndGlobalSection
	GlobalSection(ExtensibilityGlobals) = postSolution
		SolutionGuid = {41FB06CA-94B4-4F9C-812F-AC5374BE9CC8}
	EndGlobalSection
EndGlobal
